
Microsoft Visual Studio Solution File, Format Version 12.00
# Visual Studio Version 16
VisualStudioVersion = 16.0.28803.156
MinimumVisualStudioVersion = 10.0.40219.1
Project("{FAE04EC0-301F-11D3-BF4B-00C04F79EFBC}") = "NetYeshua.Api", "NetYeshua.Api\NetYeshua.Api.csproj", "{DE83022D-B3F9-4F67-8841-BF01EED967EC}"
EndProject
Project("{9092AA53-FB77-4645-B42D-1CCCA6BD08BD}") = "NetYeshua.Client", "NetYeshua.Client\NetYeshua.Client.njsproj", "{17F8465E-7E20-41D1-AEFE-D45DCB3C2715}"
EndProject
Global
	GlobalSection(SolutionConfigurationPlatforms) = preSolution
		Debug|Any CPU = Debug|Any CPU
		Release|Any CPU = Release|Any CPU
	EndGlobalSection
	GlobalSection(ProjectConfigurationPlatforms) = postSolution
		{DE83022D-B3F9-4F67-8841-BF01EED967EC}.Debug|Any CPU.ActiveCfg = Debug|Any CPU
		{DE83022D-B3F9-4F67-8841-BF01EED967EC}.Debug|Any CPU.Build.0 = Debug|Any CPU
		{DE83022D-B3F9-4F67-8841-BF01EED967EC}.Release|Any CPU.ActiveCfg = Release|Any CPU
		{DE83022D-B3F9-4F67-8841-BF01EED967EC}.Release|Any CPU.Build.0 = Release|Any CPU
		{17F8465E-7E20-41D1-AEFE-D45DCB3C2715}.Debug|Any CPU.ActiveCfg = Debug|Any CPU
		{17F8465E-7E20-41D1-AEFE-D45DCB3C2715}.Debug|Any CPU.Build.0 = Debug|Any CPU
		{17F8465E-7E20-41D1-AEFE-D45DCB3C2715}.Release|Any CPU.ActiveCfg = Release|Any CPU
		{17F8465E-7E20-41D1-AEFE-D45DCB3C2715}.Release|Any CPU.Build.0 = Release|Any CPU
	EndGlobalSection
	GlobalSection(SolutionProperties) = preSolution
		HideSolutionNode = FALSE
	EndGlobalSection
	GlobalSection(ExtensibilityGlobals) = postSolution
		SolutionGuid = {5A34049E-DDA4-4B5E-96F0-7B7EF2402B83}
	EndGlobalSection
EndGlobal
